
Microsoft Visual Studio Solution File, Format Version 12.00
# Visual Studio Version 16
VisualStudioVersion = 16.0.30104.148
MinimumVisualStudioVersion = 10.0.40219.1
Project("{FAE04EC0-301F-11D3-BF4B-00C04F79EFBC}") = "Hospital", "Hospital\Hospital.csproj", "{3D0D7FFD-0BDA-4DCC-8385-EF3139457B77}"
EndProject
Global
	GlobalSection(SolutionConfigurationPlatforms) = preSolution
		Debug|Any CPU = Debug|Any CPU
		Release|Any CPU = Release|Any CPU
	EndGlobalSection
	GlobalSection(ProjectConfigurationPlatforms) = postSolution
		{3D0D7FFD-0BDA-4DCC-8385-EF3139457B77}.Debug|Any CPU.ActiveCfg = Debug|Any CPU
		{3D0D7FFD-0BDA-4DCC-8385-EF3139457B77}.Debug|Any CPU.Build.0 = Debug|Any CPU
		{3D0D7FFD-0BDA-4DCC-8385-EF3139457B77}.Release|Any CPU.ActiveCfg = Release|Any CPU
		{3D0D7FFD-0BDA-4DCC-8385-EF3139457B77}.Release|Any CPU.Build.0 = Release|Any CPU
	EndGlobalSection
	GlobalSection(SolutionProperties) = preSolution
		HideSolutionNode = FALSE
	EndGlobalSection
	GlobalSection(ExtensibilityGlobals) = postSolution
		SolutionGuid = {52EB72A6-8B80-4ADF-87CA-245034431DB0}
	EndGlobalSection
EndGlobal
